
Microsoft Visual Studio Solution File, Format Version 12.00
# Visual Studio 2012
Project("{FAE04EC0-301F-11D3-BF4B-00C04F79EFBC}") = "MHV", "MHV\MHV.csproj", "{D6174BF7-90CE-4A47-8B2E-A93BF42EE721}"
EndProject
Project("{FAE04EC0-301F-11D3-BF4B-00C04F79EFBC}") = "MHV.Tests", "MHV.Tests\MHV.Tests.csproj", "{E873C887-53F3-4E04-BB14-CD9650158F19}"
EndProject
Global
	GlobalSection(SolutionConfigurationPlatforms) = preSolution
		Debug|Any CPU = Debug|Any CPU
		Release|Any CPU = Release|Any CPU
	EndGlobalSection
	GlobalSection(ProjectConfigurationPlatforms) = postSolution
		{D6174BF7-90CE-4A47-8B2E-A93BF42EE721}.Debug|Any CPU.ActiveCfg = Debug|Any CPU
		{D6174BF7-90CE-4A47-8B2E-A93BF42EE721}.Debug|Any CPU.Build.0 = Debug|Any CPU
		{D6174BF7-90CE-4A47-8B2E-A93BF42EE721}.Release|Any CPU.ActiveCfg = Release|Any CPU
		{D6174BF7-90CE-4A47-8B2E-A93BF42EE721}.Release|Any CPU.Build.0 = Release|Any CPU
		{E873C887-53F3-4E04-BB14-CD9650158F19}.Debug|Any CPU.ActiveCfg = Debug|Any CPU
		{E873C887-53F3-4E04-BB14-CD9650158F19}.Debug|Any CPU.Build.0 = Debug|Any CPU
		{E873C887-53F3-4E04-BB14-CD9650158F19}.Release|Any CPU.ActiveCfg = Release|Any CPU
		{E873C887-53F3-4E04-BB14-CD9650158F19}.Release|Any CPU.Build.0 = Release|Any CPU
	EndGlobalSection
	GlobalSection(SolutionProperties) = preSolution
		HideSolutionNode = FALSE
	EndGlobalSection
EndGlobal
